
Microsoft Visual Studio Solution File, Format Version 12.00
# Visual Studio Version 17
VisualStudioVersion = 17.14.36717.8
MinimumVisualStudioVersion = 10.0.40219.1
Project("{2150E333-8FDC-42A3-9474-1A3956D46DE8}") = "src", "src", "{02EA681E-C7D8-13C7-8484-4AC65E1B71E8}"
EndProject
Project("{2150E333-8FDC-42A3-9474-1A3956D46DE8}") = "Core", "Core", "{B8B3CCBC-5DBB-4D33-AEF9-1BC2A77BC2B3}"
EndProject
Project("{2150E333-8FDC-42A3-9474-1A3956D46DE8}") = "Infraestructure", "Infraestructure", "{3DB21C1C-A62B-4F9C-9F44-48E03E8EA9DC}"
EndProject
Project("{2150E333-8FDC-42A3-9474-1A3956D46DE8}") = "Presentation", "Presentation", "{3FDBA4D0-8F10-4535-AC1F-A3F868C57F98}"
EndProject
Project("{FAE04EC0-301F-11D3-BF4B-00C04F79EFBC}") = "Application", "Application\Application.csproj", "{3F611591-D3E8-4B16-B4A2-E8682BFC8DCF}"
EndProject
Project("{FAE04EC0-301F-11D3-BF4B-00C04F79EFBC}") = "Domain", "Domain\Domain.csproj", "{C69BF9C9-2D2E-4619-9F1B-B69F8B3AAD23}"
EndProject
Project("{FAE04EC0-301F-11D3-BF4B-00C04F79EFBC}") = "Persistence", "Persistence\Persistence.csproj", "{77BC1BD0-0AD8-4587-9229-71DDF0A6339E}"
EndProject
Project("{FAE04EC0-301F-11D3-BF4B-00C04F79EFBC}") = "Shared", "Shared\Shared.csproj", "{55C2162B-7EC8-4F34-9223-2DC98274D931}"
EndProject
Project("{FAE04EC0-301F-11D3-BF4B-00C04F79EFBC}") = "WebApi2", "WebApi2\WebApi2.csproj", "{00DD6186-B5C0-4BC6-99B6-39214A366D6A}"
EndProject
Global
	GlobalSection(SolutionConfigurationPlatforms) = preSolution
		Debug|Any CPU = Debug|Any CPU
		Release|Any CPU = Release|Any CPU
	EndGlobalSection
	GlobalSection(ProjectConfigurationPlatforms) = postSolution
		{3F611591-D3E8-4B16-B4A2-E8682BFC8DCF}.Debug|Any CPU.ActiveCfg = Debug|Any CPU
		{3F611591-D3E8-4B16-B4A2-E8682BFC8DCF}.Debug|Any CPU.Build.0 = Debug|Any CPU
		{3F611591-D3E8-4B16-B4A2-E8682BFC8DCF}.Release|Any CPU.ActiveCfg = Release|Any CPU
		{3F611591-D3E8-4B16-B4A2-E8682BFC8DCF}.Release|Any CPU.Build.0 = Release|Any CPU
		{C69BF9C9-2D2E-4619-9F1B-B69F8B3AAD23}.Debug|Any CPU.ActiveCfg = Debug|Any CPU
		{C69BF9C9-2D2E-4619-9F1B-B69F8B3AAD23}.Debug|Any CPU.Build.0 = Debug|Any CPU
		{C69BF9C9-2D2E-4619-9F1B-B69F8B3AAD23}.Release|Any CPU.ActiveCfg = Release|Any CPU
		{C69BF9C9-2D2E-4619-9F1B-B69F8B3AAD23}.Release|Any CPU.Build.0 = Release|Any CPU
		{77BC1BD0-0AD8-4587-9229-71DDF0A6339E}.Debug|Any CPU.ActiveCfg = Debug|Any CPU
		{77BC1BD0-0AD8-4587-9229-71DDF0A6339E}.Debug|Any CPU.Build.0 = Debug|Any CPU
		{77BC1BD0-0AD8-4587-9229-71DDF0A6339E}.Release|Any CPU.ActiveCfg = Release|Any CPU
		{77BC1BD0-0AD8-4587-9229-71DDF0A6339E}.Release|Any CPU.Build.0 = Release|Any CPU
		{55C2162B-7EC8-4F34-9223-2DC98274D931}.Debug|Any CPU.ActiveCfg = Debug|Any CPU
		{55C2162B-7EC8-4F34-9223-2DC98274D931}.Debug|Any CPU.Build.0 = Debug|Any CPU
		{55C2162B-7EC8-4F34-9223-2DC98274D931}.Release|Any CPU.ActiveCfg = Release|Any CPU
		{55C2162B-7EC8-4F34-9223-2DC98274D931}.Release|Any CPU.Build.0 = Release|Any CPU
		{00DD6186-B5C0-4BC6-99B6-39214A366D6A}.Debug|Any CPU.ActiveCfg = Debug|Any CPU
		{00DD6186-B5C0-4BC6-99B6-39214A366D6A}.Debug|Any CPU.Build.0 = Debug|Any CPU
		{00DD6186-B5C0-4BC6-99B6-39214A366D6A}.Release|Any CPU.ActiveCfg = Release|Any CPU
		{00DD6186-B5C0-4BC6-99B6-39214A366D6A}.Release|Any CPU.Build.0 = Release|Any CPU
	EndGlobalSection
	GlobalSection(SolutionProperties) = preSolution
		HideSolutionNode = FALSE
	EndGlobalSection
	GlobalSection(NestedProjects) = preSolution
		{B8B3CCBC-5DBB-4D33-AEF9-1BC2A77BC2B3} = {02EA681E-C7D8-13C7-8484-4AC65E1B71E8}
		{3DB21C1C-A62B-4F9C-9F44-48E03E8EA9DC} = {02EA681E-C7D8-13C7-8484-4AC65E1B71E8}
		{3FDBA4D0-8F10-4535-AC1F-A3F868C57F98} = {02EA681E-C7D8-13C7-8484-4AC65E1B71E8}
		{3F611591-D3E8-4B16-B4A2-E8682BFC8DCF} = {B8B3CCBC-5DBB-4D33-AEF9-1BC2A77BC2B3}
		{C69BF9C9-2D2E-4619-9F1B-B69F8B3AAD23} = {B8B3CCBC-5DBB-4D33-AEF9-1BC2A77BC2B3}
		{77BC1BD0-0AD8-4587-9229-71DDF0A6339E} = {3DB21C1C-A62B-4F9C-9F44-48E03E8EA9DC}
		{55C2162B-7EC8-4F34-9223-2DC98274D931} = {3DB21C1C-A62B-4F9C-9F44-48E03E8EA9DC}
		{00DD6186-B5C0-4BC6-99B6-39214A366D6A} = {3FDBA4D0-8F10-4535-AC1F-A3F868C57F98}
	EndGlobalSection
	GlobalSection(ExtensibilityGlobals) = postSolution
		SolutionGuid = {8A7F96BE-2FAC-44A5-AC7F-1BB566E23CFB}
	EndGlobalSection
EndGlobal
